
Microsoft Visual Studio Solution File, Format Version 12.00
# Visual Studio Version 17
VisualStudioVersion = 17.5.33312.197
MinimumVisualStudioVersion = 10.0.40219.1
Project("{9A19103F-16F7-4668-BE54-9A1E7A4F7556}") = "BackupFileIndexer", "BackupFileIndexer\BackupFileIndexer.csproj", "{D4604A87-CFED-404F-B304-B77F3CF0629D}"
EndProject
Project("{9A19103F-16F7-4668-BE54-9A1E7A4F7556}") = "Backup.Shared", "Backup.Shared\Backup.Shared.csproj", "{20FD02D6-5453-4FE9-9497-C68ABD1C3F1D}"
EndProject
Project("{9A19103F-16F7-4668-BE54-9A1E7A4F7556}") = "BackupRestore", "BackupRestore\BackupRestore.csproj", "{FFA965DC-2B60-4C17-9B15-E0ED4B38853E}"
EndProject
Project("{2150E333-8FDC-42A3-9474-1A3956D46DE8}") = "3rdParty", "3rdParty", "{DF375FFD-EA35-4D54-8D43-0F7A6C1F04BB}"
EndProject
Project("{9A19103F-16F7-4668-BE54-9A1E7A4F7556}") = "AdysTech.CredentialManager", "AdysTech.CredentialManager\AdysTech.CredentialManager.csproj", "{69E4DF70-6BC7-4242-813D-E3078B7D9D5B}"
EndProject
Project("{FAE04EC0-301F-11D3-BF4B-00C04F79EFBC}") = "BackupService", "BackupService\BackupService.csproj", "{CEA5550D-73CB-4479-8B68-4218142C48A0}"
EndProject
Project("{9A19103F-16F7-4668-BE54-9A1E7A4F7556}") = "Ignore", "Ignore\Ignore.csproj", "{5D9033A6-FA53-4BB5-90EA-1037B5103062}"
EndProject
Global
	GlobalSection(SolutionConfigurationPlatforms) = preSolution
		Debug|Any CPU = Debug|Any CPU
		Release|Any CPU = Release|Any CPU
	EndGlobalSection
	GlobalSection(ProjectConfigurationPlatforms) = postSolution
		{D4604A87-CFED-404F-B304-B77F3CF0629D}.Debug|Any CPU.ActiveCfg = Debug|Any CPU
		{D4604A87-CFED-404F-B304-B77F3CF0629D}.Debug|Any CPU.Build.0 = Debug|Any CPU
		{D4604A87-CFED-404F-B304-B77F3CF0629D}.Release|Any CPU.ActiveCfg = Release|Any CPU
		{D4604A87-CFED-404F-B304-B77F3CF0629D}.Release|Any CPU.Build.0 = Release|Any CPU
		{20FD02D6-5453-4FE9-9497-C68ABD1C3F1D}.Debug|Any CPU.ActiveCfg = Debug|Any CPU
		{20FD02D6-5453-4FE9-9497-C68ABD1C3F1D}.Debug|Any CPU.Build.0 = Debug|Any CPU
		{20FD02D6-5453-4FE9-9497-C68ABD1C3F1D}.Release|Any CPU.ActiveCfg = Release|Any CPU
		{20FD02D6-5453-4FE9-9497-C68ABD1C3F1D}.Release|Any CPU.Build.0 = Release|Any CPU
		{FFA965DC-2B60-4C17-9B15-E0ED4B38853E}.Debug|Any CPU.ActiveCfg = Debug|Any CPU
		{FFA965DC-2B60-4C17-9B15-E0ED4B38853E}.Debug|Any CPU.Build.0 = Debug|Any CPU
		{FFA965DC-2B60-4C17-9B15-E0ED4B38853E}.Release|Any CPU.ActiveCfg = Release|Any CPU
		{FFA965DC-2B60-4C17-9B15-E0ED4B38853E}.Release|Any CPU.Build.0 = Release|Any CPU
		{69E4DF70-6BC7-4242-813D-E3078B7D9D5B}.Debug|Any CPU.ActiveCfg = Debug|Any CPU
		{69E4DF70-6BC7-4242-813D-E3078B7D9D5B}.Debug|Any CPU.Build.0 = Debug|Any CPU
		{69E4DF70-6BC7-4242-813D-E3078B7D9D5B}.Release|Any CPU.ActiveCfg = Release|Any CPU
		{69E4DF70-6BC7-4242-813D-E3078B7D9D5B}.Release|Any CPU.Build.0 = Release|Any CPU
		{CEA5550D-73CB-4479-8B68-4218142C48A0}.Debug|Any CPU.ActiveCfg = Debug|Any CPU
		{CEA5550D-73CB-4479-8B68-4218142C48A0}.Debug|Any CPU.Build.0 = Debug|Any CPU
		{CEA5550D-73CB-4479-8B68-4218142C48A0}.Release|Any CPU.ActiveCfg = Release|Any CPU
		{CEA5550D-73CB-4479-8B68-4218142C48A0}.Release|Any CPU.Build.0 = Release|Any CPU
		{5D9033A6-FA53-4BB5-90EA-1037B5103062}.Debug|Any CPU.ActiveCfg = Debug|Any CPU
		{5D9033A6-FA53-4BB5-90EA-1037B5103062}.Debug|Any CPU.Build.0 = Debug|Any CPU
		{5D9033A6-FA53-4BB5-90EA-1037B5103062}.Release|Any CPU.ActiveCfg = Release|Any CPU
		{5D9033A6-FA53-4BB5-90EA-1037B5103062}.Release|Any CPU.Build.0 = Release|Any CPU
	EndGlobalSection
	GlobalSection(SolutionProperties) = preSolution
		HideSolutionNode = FALSE
	EndGlobalSection
	GlobalSection(NestedProjects) = preSolution
		{69E4DF70-6BC7-4242-813D-E3078B7D9D5B} = {DF375FFD-EA35-4D54-8D43-0F7A6C1F04BB}
		{5D9033A6-FA53-4BB5-90EA-1037B5103062} = {DF375FFD-EA35-4D54-8D43-0F7A6C1F04BB}
	EndGlobalSection
	GlobalSection(ExtensibilityGlobals) = postSolution
		SolutionGuid = {35358E92-0F5C-48BF-80F0-63801B9A9F30}
	EndGlobalSection
EndGlobal
