
Microsoft Visual Studio Solution File, Format Version 12.00
# Visual Studio Version 17
VisualStudioVersion = 17.5.33312.197
MinimumVisualStudioVersion = 10.0.40219.1
Project("{FAE04EC0-301F-11D3-BF4B-00C04F79EFBC}") = "BackupFileIndexer", "BackupFileIndexer\BackupFileIndexer.csproj", "{D4604A87-CFED-404F-B304-B77F3CF0629D}"
EndProject
Global
	GlobalSection(SolutionConfigurationPlatforms) = preSolution
		Debug|Any CPU = Debug|Any CPU
		Release|Any CPU = Release|Any CPU
	EndGlobalSection
	GlobalSection(ProjectConfigurationPlatforms) = postSolution
		{D4604A87-CFED-404F-B304-B77F3CF0629D}.Debug|Any CPU.ActiveCfg = Debug|Any CPU
		{D4604A87-CFED-404F-B304-B77F3CF0629D}.Debug|Any CPU.Build.0 = Debug|Any CPU
		{D4604A87-CFED-404F-B304-B77F3CF0629D}.Release|Any CPU.ActiveCfg = Release|Any CPU
		{D4604A87-CFED-404F-B304-B77F3CF0629D}.Release|Any CPU.Build.0 = Release|Any CPU
	EndGlobalSection
	GlobalSection(SolutionProperties) = preSolution
		HideSolutionNode = FALSE
	EndGlobalSection
	GlobalSection(ExtensibilityGlobals) = postSolution
		SolutionGuid = {35358E92-0F5C-48BF-80F0-63801B9A9F30}
	EndGlobalSection
EndGlobal
